
Microsoft Visual Studio Solution File, Format Version 12.00
# Visual Studio Version 17
VisualStudioVersion = 17.5.33530.505
MinimumVisualStudioVersion = 10.0.40219.1
Project("{FAE04EC0-301F-11D3-BF4B-00C04F79EFBC}") = "ProjetoLanchonete", "ProjetoLanchonete\ProjetoLanchonete.csproj", "{BC72F6D2-DAFD-4C4B-BA6D-FAC62F973B90}"
EndProject
Global
	GlobalSection(SolutionConfigurationPlatforms) = preSolution
		Debug|Any CPU = Debug|Any CPU
		Release|Any CPU = Release|Any CPU
	EndGlobalSection
	GlobalSection(ProjectConfigurationPlatforms) = postSolution
		{BC72F6D2-DAFD-4C4B-BA6D-FAC62F973B90}.Debug|Any CPU.ActiveCfg = Debug|Any CPU
		{BC72F6D2-DAFD-4C4B-BA6D-FAC62F973B90}.Debug|Any CPU.Build.0 = Debug|Any CPU
		{BC72F6D2-DAFD-4C4B-BA6D-FAC62F973B90}.Release|Any CPU.ActiveCfg = Release|Any CPU
		{BC72F6D2-DAFD-4C4B-BA6D-FAC62F973B90}.Release|Any CPU.Build.0 = Release|Any CPU
	EndGlobalSection
	GlobalSection(SolutionProperties) = preSolution
		HideSolutionNode = FALSE
	EndGlobalSection
	GlobalSection(ExtensibilityGlobals) = postSolution
		SolutionGuid = {0E2E4FEE-87A8-40B9-B4CC-F088839B2C58}
	EndGlobalSection
EndGlobal
